
Microsoft Visual Studio Solution File, Format Version 12.00
# Visual Studio Version 16
VisualStudioVersion = 16.0.29613.14
MinimumVisualStudioVersion = 10.0.40219.1
Project("{FAE04EC0-301F-11D3-BF4B-00C04F79EFBC}") = "DemoWebService", "DemoWebService\DemoWebService.csproj", "{A85CB083-F54D-4C80-AC87-346CCF08BE8B}"
EndProject
Global
	GlobalSection(SolutionConfigurationPlatforms) = preSolution
		Debug|Any CPU = Debug|Any CPU
		Release|Any CPU = Release|Any CPU
	EndGlobalSection
	GlobalSection(ProjectConfigurationPlatforms) = postSolution
		{A85CB083-F54D-4C80-AC87-346CCF08BE8B}.Debug|Any CPU.ActiveCfg = Debug|Any CPU
		{A85CB083-F54D-4C80-AC87-346CCF08BE8B}.Debug|Any CPU.Build.0 = Debug|Any CPU
		{A85CB083-F54D-4C80-AC87-346CCF08BE8B}.Release|Any CPU.ActiveCfg = Release|Any CPU
		{A85CB083-F54D-4C80-AC87-346CCF08BE8B}.Release|Any CPU.Build.0 = Release|Any CPU
	EndGlobalSection
	GlobalSection(SolutionProperties) = preSolution
		HideSolutionNode = FALSE
	EndGlobalSection
	GlobalSection(ExtensibilityGlobals) = postSolution
		SolutionGuid = {1B8D28F6-2F75-4590-A26D-847089F6B503}
	EndGlobalSection
EndGlobal
